
Microsoft Visual Studio Solution File, Format Version 12.00
# Visual Studio Version 17
VisualStudioVersion = 17.0.32126.317
MinimumVisualStudioVersion = 10.0.40219.1
Project("{FAE04EC0-301F-11D3-BF4B-00C04F79EFBC}") = "Lab5", "Lab5.csproj", "{DBA19F57-0C87-45F4-9DC4-E20C82D017C5}"
EndProject
Global
	GlobalSection(SolutionConfigurationPlatforms) = preSolution
		Debug|Any CPU = Debug|Any CPU
		Release|Any CPU = Release|Any CPU
	EndGlobalSection
	GlobalSection(ProjectConfigurationPlatforms) = postSolution
		{DBA19F57-0C87-45F4-9DC4-E20C82D017C5}.Debug|Any CPU.ActiveCfg = Debug|Any CPU
		{DBA19F57-0C87-45F4-9DC4-E20C82D017C5}.Debug|Any CPU.Build.0 = Debug|Any CPU
		{DBA19F57-0C87-45F4-9DC4-E20C82D017C5}.Release|Any CPU.ActiveCfg = Release|Any CPU
		{DBA19F57-0C87-45F4-9DC4-E20C82D017C5}.Release|Any CPU.Build.0 = Release|Any CPU
	EndGlobalSection
	GlobalSection(SolutionProperties) = preSolution
		HideSolutionNode = FALSE
	EndGlobalSection
	GlobalSection(ExtensibilityGlobals) = postSolution
		SolutionGuid = {92254FAD-6C78-4022-8A8E-9F236C1CADED}
	EndGlobalSection
EndGlobal
